
Microsoft Visual Studio Solution File, Format Version 12.00
# Visual Studio Version 17
VisualStudioVersion = 17.5.002.0
MinimumVisualStudioVersion = 10.0.40219.1
Project("{2150E333-8FDC-42A3-9474-1A3956D46DE8}") = "week01", "week01", "{021D8A8B-4332-43CC-A50D-619E0D16D559}"
EndProject
Project("{9A19103F-16F7-4668-BE54-9A1E7A4F7556}") = "code", "week01\code\code.csproj", "{8E105940-1F72-4A98-8B01-DDE181E64EAC}"
EndProject
Project("{9A19103F-16F7-4668-BE54-9A1E7A4F7556}") = "analyze", "week01\analyze\analyze.csproj", "{D462EEB8-7801-417C-848F-759AFE9E2323}"
EndProject
Project("{9A19103F-16F7-4668-BE54-9A1E7A4F7556}") = "teach", "week01\teach\teach.csproj", "{E57FAFD8-E479-442C-B431-1B8C76130F59}"
EndProject
Project("{2150E333-8FDC-42A3-9474-1A3956D46DE8}") = "week06", "week06", "{1637E935-0F81-446A-9027-28CD39E970AD}"
EndProject
Project("{9A19103F-16F7-4668-BE54-9A1E7A4F7556}") = "code", "week06\code\code.csproj", "{FA771F00-494A-4D51-9380-8A559A657090}"
EndProject
Project("{2150E333-8FDC-42A3-9474-1A3956D46DE8}") = "sandbox", "sandbox", "{E9F46F13-6D02-4985-8275-4678D1EDB8C8}"
EndProject
Project("{9A19103F-16F7-4668-BE54-9A1E7A4F7556}") = "sandbox_project", "sandbox\sandbox_project\sandbox_project.csproj", "{0002BE63-14FE-4B00-A325-409FAEF7C7E3}"
EndProject
Project("{2150E333-8FDC-42A3-9474-1A3956D46DE8}") = "week05", "week05", "{827FEA47-5F32-4ED1-85BF-161F0E436B51}"
EndProject
Project("{9A19103F-16F7-4668-BE54-9A1E7A4F7556}") = "code", "week05\code\code.csproj", "{C26DD899-D279-4049-9D46-42ECB7F85C37}"
EndProject
Project("{2150E333-8FDC-42A3-9474-1A3956D46DE8}") = "week02", "week02", "{10ADD880-C286-4859-AC44-71016C128B0E}"
EndProject
Project("{9A19103F-16F7-4668-BE54-9A1E7A4F7556}") = "learn", "week02\learn\learn.csproj", "{EB9D31F5-236F-458B-A8FC-659B848B144F}"
EndProject
Project("{9A19103F-16F7-4668-BE54-9A1E7A4F7556}") = "code", "week02\code\code.csproj", "{F742CC92-C775-4611-8C20-71F31E0AFA3E}"
EndProject
Project("{9A19103F-16F7-4668-BE54-9A1E7A4F7556}") = "analyze", "week02\analyze\analyze.csproj", "{0A94FD19-F85C-4C91-BE61-8105FF19E452}"
EndProject
Project("{9A19103F-16F7-4668-BE54-9A1E7A4F7556}") = "teach", "week02\teach\teach.csproj", "{80149772-9FF9-429E-9CA3-C46E85E1E172}"
EndProject
Project("{2150E333-8FDC-42A3-9474-1A3956D46DE8}") = "week03", "week03", "{D09BB2FA-E458-4F85-A1EC-438302F4DC46}"
EndProject
Project("{9A19103F-16F7-4668-BE54-9A1E7A4F7556}") = "learn", "week03\learn\learn.csproj", "{D8693C4A-F9DC-40B9-B329-E8A00173BC79}"
EndProject
Project("{9A19103F-16F7-4668-BE54-9A1E7A4F7556}") = "code", "week03\code\code.csproj", "{57D0A687-2C76-4FA9-8414-4F512BCB7D73}"
EndProject
Project("{9A19103F-16F7-4668-BE54-9A1E7A4F7556}") = "teach", "week03\teach\teach.csproj", "{07B1C6C0-5E1A-4297-B02A-2A4757EA3C58}"
EndProject
Project("{2150E333-8FDC-42A3-9474-1A3956D46DE8}") = "week04", "week04", "{5253A05C-465F-4762-B66A-FD8F786AF708}"
EndProject
Project("{9A19103F-16F7-4668-BE54-9A1E7A4F7556}") = "code", "week04\code\code.csproj", "{A7F9022F-7B1D-4D99-8044-A12651021CE3}"
EndProject
Global
	GlobalSection(SolutionConfigurationPlatforms) = preSolution
		Debug|Any CPU = Debug|Any CPU
		Release|Any CPU = Release|Any CPU
	EndGlobalSection
	GlobalSection(ProjectConfigurationPlatforms) = postSolution
		{8E105940-1F72-4A98-8B01-DDE181E64EAC}.Debug|Any CPU.ActiveCfg = Debug|Any CPU
		{8E105940-1F72-4A98-8B01-DDE181E64EAC}.Debug|Any CPU.Build.0 = Debug|Any CPU
		{8E105940-1F72-4A98-8B01-DDE181E64EAC}.Release|Any CPU.ActiveCfg = Release|Any CPU
		{8E105940-1F72-4A98-8B01-DDE181E64EAC}.Release|Any CPU.Build.0 = Release|Any CPU
		{D462EEB8-7801-417C-848F-759AFE9E2323}.Debug|Any CPU.ActiveCfg = Debug|Any CPU
		{D462EEB8-7801-417C-848F-759AFE9E2323}.Debug|Any CPU.Build.0 = Debug|Any CPU
		{D462EEB8-7801-417C-848F-759AFE9E2323}.Release|Any CPU.ActiveCfg = Release|Any CPU
		{D462EEB8-7801-417C-848F-759AFE9E2323}.Release|Any CPU.Build.0 = Release|Any CPU
		{E57FAFD8-E479-442C-B431-1B8C76130F59}.Debug|Any CPU.ActiveCfg = Debug|Any CPU
		{E57FAFD8-E479-442C-B431-1B8C76130F59}.Debug|Any CPU.Build.0 = Debug|Any CPU
		{E57FAFD8-E479-442C-B431-1B8C76130F59}.Release|Any CPU.ActiveCfg = Release|Any CPU
		{E57FAFD8-E479-442C-B431-1B8C76130F59}.Release|Any CPU.Build.0 = Release|Any CPU
		{FA771F00-494A-4D51-9380-8A559A657090}.Debug|Any CPU.ActiveCfg = Debug|Any CPU
		{FA771F00-494A-4D51-9380-8A559A657090}.Debug|Any CPU.Build.0 = Debug|Any CPU
		{FA771F00-494A-4D51-9380-8A559A657090}.Release|Any CPU.ActiveCfg = Release|Any CPU
		{FA771F00-494A-4D51-9380-8A559A657090}.Release|Any CPU.Build.0 = Release|Any CPU
		{0002BE63-14FE-4B00-A325-409FAEF7C7E3}.Debug|Any CPU.ActiveCfg = Debug|Any CPU
		{0002BE63-14FE-4B00-A325-409FAEF7C7E3}.Debug|Any CPU.Build.0 = Debug|Any CPU
		{0002BE63-14FE-4B00-A325-409FAEF7C7E3}.Release|Any CPU.ActiveCfg = Release|Any CPU
		{0002BE63-14FE-4B00-A325-409FAEF7C7E3}.Release|Any CPU.Build.0 = Release|Any CPU
		{C26DD899-D279-4049-9D46-42ECB7F85C37}.Debug|Any CPU.ActiveCfg = Debug|Any CPU
		{C26DD899-D279-4049-9D46-42ECB7F85C37}.Debug|Any CPU.Build.0 = Debug|Any CPU
		{C26DD899-D279-4049-9D46-42ECB7F85C37}.Release|Any CPU.ActiveCfg = Release|Any CPU
		{C26DD899-D279-4049-9D46-42ECB7F85C37}.Release|Any CPU.Build.0 = Release|Any CPU
		{EB9D31F5-236F-458B-A8FC-659B848B144F}.Debug|Any CPU.ActiveCfg = Debug|Any CPU
		{EB9D31F5-236F-458B-A8FC-659B848B144F}.Debug|Any CPU.Build.0 = Debug|Any CPU
		{EB9D31F5-236F-458B-A8FC-659B848B144F}.Release|Any CPU.ActiveCfg = Release|Any CPU
		{EB9D31F5-236F-458B-A8FC-659B848B144F}.Release|Any CPU.Build.0 = Release|Any CPU
		{F742CC92-C775-4611-8C20-71F31E0AFA3E}.Debug|Any CPU.ActiveCfg = Debug|Any CPU
		{F742CC92-C775-4611-8C20-71F31E0AFA3E}.Debug|Any CPU.Build.0 = Debug|Any CPU
		{F742CC92-C775-4611-8C20-71F31E0AFA3E}.Release|Any CPU.ActiveCfg = Release|Any CPU
		{F742CC92-C775-4611-8C20-71F31E0AFA3E}.Release|Any CPU.Build.0 = Release|Any CPU
		{0A94FD19-F85C-4C91-BE61-8105FF19E452}.Debug|Any CPU.ActiveCfg = Debug|Any CPU
		{0A94FD19-F85C-4C91-BE61-8105FF19E452}.Debug|Any CPU.Build.0 = Debug|Any CPU
		{0A94FD19-F85C-4C91-BE61-8105FF19E452}.Release|Any CPU.ActiveCfg = Release|Any CPU
		{0A94FD19-F85C-4C91-BE61-8105FF19E452}.Release|Any CPU.Build.0 = Release|Any CPU
		{80149772-9FF9-429E-9CA3-C46E85E1E172}.Debug|Any CPU.ActiveCfg = Debug|Any CPU
		{80149772-9FF9-429E-9CA3-C46E85E1E172}.Debug|Any CPU.Build.0 = Debug|Any CPU
		{80149772-9FF9-429E-9CA3-C46E85E1E172}.Release|Any CPU.ActiveCfg = Release|Any CPU
		{80149772-9FF9-429E-9CA3-C46E85E1E172}.Release|Any CPU.Build.0 = Release|Any CPU
		{D8693C4A-F9DC-40B9-B329-E8A00173BC79}.Debug|Any CPU.ActiveCfg = Debug|Any CPU
		{D8693C4A-F9DC-40B9-B329-E8A00173BC79}.Debug|Any CPU.Build.0 = Debug|Any CPU
		{D8693C4A-F9DC-40B9-B329-E8A00173BC79}.Release|Any CPU.ActiveCfg = Release|Any CPU
		{D8693C4A-F9DC-40B9-B329-E8A00173BC79}.Release|Any CPU.Build.0 = Release|Any CPU
		{57D0A687-2C76-4FA9-8414-4F512BCB7D73}.Debug|Any CPU.ActiveCfg = Debug|Any CPU
		{57D0A687-2C76-4FA9-8414-4F512BCB7D73}.Debug|Any CPU.Build.0 = Debug|Any CPU
		{57D0A687-2C76-4FA9-8414-4F512BCB7D73}.Release|Any CPU.ActiveCfg = Release|Any CPU
		{57D0A687-2C76-4FA9-8414-4F512BCB7D73}.Release|Any CPU.Build.0 = Release|Any CPU
		{07B1C6C0-5E1A-4297-B02A-2A4757EA3C58}.Debug|Any CPU.ActiveCfg = Debug|Any CPU
		{07B1C6C0-5E1A-4297-B02A-2A4757EA3C58}.Debug|Any CPU.Build.0 = Debug|Any CPU
		{07B1C6C0-5E1A-4297-B02A-2A4757EA3C58}.Release|Any CPU.ActiveCfg = Release|Any CPU
		{07B1C6C0-5E1A-4297-B02A-2A4757EA3C58}.Release|Any CPU.Build.0 = Release|Any CPU
		{A7F9022F-7B1D-4D99-8044-A12651021CE3}.Debug|Any CPU.ActiveCfg = Debug|Any CPU
		{A7F9022F-7B1D-4D99-8044-A12651021CE3}.Debug|Any CPU.Build.0 = Debug|Any CPU
		{A7F9022F-7B1D-4D99-8044-A12651021CE3}.Release|Any CPU.ActiveCfg = Release|Any CPU
		{A7F9022F-7B1D-4D99-8044-A12651021CE3}.Release|Any CPU.Build.0 = Release|Any CPU
	EndGlobalSection
	GlobalSection(SolutionProperties) = preSolution
		HideSolutionNode = FALSE
	EndGlobalSection
	GlobalSection(NestedProjects) = preSolution
		{8E105940-1F72-4A98-8B01-DDE181E64EAC} = {021D8A8B-4332-43CC-A50D-619E0D16D559}
		{D462EEB8-7801-417C-848F-759AFE9E2323} = {021D8A8B-4332-43CC-A50D-619E0D16D559}
		{E57FAFD8-E479-442C-B431-1B8C76130F59} = {021D8A8B-4332-43CC-A50D-619E0D16D559}
		{FA771F00-494A-4D51-9380-8A559A657090} = {1637E935-0F81-446A-9027-28CD39E970AD}
		{0002BE63-14FE-4B00-A325-409FAEF7C7E3} = {E9F46F13-6D02-4985-8275-4678D1EDB8C8}
		{C26DD899-D279-4049-9D46-42ECB7F85C37} = {827FEA47-5F32-4ED1-85BF-161F0E436B51}
		{EB9D31F5-236F-458B-A8FC-659B848B144F} = {10ADD880-C286-4859-AC44-71016C128B0E}
		{F742CC92-C775-4611-8C20-71F31E0AFA3E} = {10ADD880-C286-4859-AC44-71016C128B0E}
		{0A94FD19-F85C-4C91-BE61-8105FF19E452} = {10ADD880-C286-4859-AC44-71016C128B0E}
		{80149772-9FF9-429E-9CA3-C46E85E1E172} = {10ADD880-C286-4859-AC44-71016C128B0E}
		{D8693C4A-F9DC-40B9-B329-E8A00173BC79} = {D09BB2FA-E458-4F85-A1EC-438302F4DC46}
		{57D0A687-2C76-4FA9-8414-4F512BCB7D73} = {D09BB2FA-E458-4F85-A1EC-438302F4DC46}
		{07B1C6C0-5E1A-4297-B02A-2A4757EA3C58} = {D09BB2FA-E458-4F85-A1EC-438302F4DC46}
		{A7F9022F-7B1D-4D99-8044-A12651021CE3} = {5253A05C-465F-4762-B66A-FD8F786AF708}
	EndGlobalSection
	GlobalSection(ExtensibilityGlobals) = postSolution
		SolutionGuid = {24645DA6-5033-415A-8189-1FC5BBFE2B7F}
	EndGlobalSection
EndGlobal
